// !$*UTF8*$!
{
	archiveVersion = 1;
	classes = {
	};
	objectVersion = 46;
	objects = {

/* Begin PBXBuildFile section */
		947E25E21DADCA2F00B59AEA /* main.swift in Sources */ = {isa = PBXBuildFile; fileRef = 947E25E11DADCA2F00B59AEA /* main.swift */; };
		947E25F51DADD10900B59AEA /* math-functions.swift in Sources */ = {isa = PBXBuildFile; fileRef = 947E25F41DADD10900B59AEA /* math-functions.swift */; };
		947E25F71DADD66100B59AEA /* CalcArrayPointsUnitTests.swift in Sources */ = {isa = PBXBuildFile; fileRef = 947E25F61DADD66100B59AEA /* CalcArrayPointsUnitTests.swift */; };
		947E25F81DADD70100B59AEA /* main.swift in Sources */ = {isa = PBXBuildFile; fileRef = 947E25E11DADCA2F00B59AEA /* main.swift */; };
		947E25F91DADD70400B59AEA /* math-functions.swift in Sources */ = {isa = PBXBuildFile; fileRef = 947E25F41DADD10900B59AEA /* math-functions.swift */; };
/* End PBXBuildFile section */

/* Begin PBXCopyFilesBuildPhase section */
		947E25DC1DADCA2F00B59AEA /* CopyFiles */ = {
			isa = PBXCopyFilesBuildPhase;
			buildActionMask = 2147483647;
			dstPath = /usr/share/man/man1/;
			dstSubfolderSpec = 0;
			files = (
			);
			runOnlyForDeploymentPostprocessing = 1;
		};
/* End PBXCopyFilesBuildPhase section */

/* Begin PBXFileReference section */
		947E25DE1DADCA2F00B59AEA /* CalcArrayPoints */ = {isa = PBXFileReference; explicitFileType = "compiled.mach-o.executable"; includeInIndex = 0; path = CalcArrayPoints; sourceTree = BUILT_PRODUCTS_DIR; };
		947E25E11DADCA2F00B59AEA /* main.swift */ = {isa = PBXFileReference; lastKnownFileType = sourcecode.swift; lineEnding = 0; path = main.swift; sourceTree = "<group>"; xcLanguageSpecificationIdentifier = xcode.lang.swift; };
		947E25EC1DADCA6000B59AEA /* CalcArrayPointsTests.xctest */ = {isa = PBXFileReference; explicitFileType = wrapper.cfbundle; includeInIndex = 0; path = CalcArrayPointsTests.xctest; sourceTree = BUILT_PRODUCTS_DIR; };
		947E25F01DADCA6000B59AEA /* Info.plist */ = {isa = PBXFileReference; lastKnownFileType = text.plist.xml; path = Info.plist; sourceTree = "<group>"; };
		947E25F41DADD10900B59AEA /* math-functions.swift */ = {isa = PBXFileReference; fileEncoding = 4; lastKnownFileType = sourcecode.swift; path = "math-functions.swift"; sourceTree = "<group>"; };
		947E25F61DADD66100B59AEA /* CalcArrayPointsUnitTests.swift */ = {isa = PBXFileReference; fileEncoding = 4; lastKnownFileType = sourcecode.swift; path = CalcArrayPointsUnitTests.swift; sourceTree = "<group>"; };
/* End PBXFileReference section */

/* Begin PBXFrameworksBuildPhase section */
		947E25DB1DADCA2F00B59AEA /* Frameworks */ = {
			isa = PBXFrameworksBuildPhase;
			buildActionMask = 2147483647;
			files = (
			);
			runOnlyForDeploymentPostprocessing = 0;
		};
		947E25E91DADCA6000B59AEA /* Frameworks */ = {
			isa = PBXFrameworksBuildPhase;
			buildActionMask = 2147483647;
			files = (
			);
			runOnlyForDeploymentPostprocessing = 0;
		};
/* End PBXFrameworksBuildPhase section */

/* Begin PBXGroup section */
		947E25D51DADCA2F00B59AEA = {
			isa = PBXGroup;
			children = (
				947E25E01DADCA2F00B59AEA /* CalcArrayPoints */,
				947E25ED1DADCA6000B59AEA /* CalcArrayPointsTests */,
				947E25DF1DADCA2F00B59AEA /* Products */,
			);
			sourceTree = "<group>";
		};
		947E25DF1DADCA2F00B59AEA /* Products */ = {
			isa = PBXGroup;
			children = (
				947E25DE1DADCA2F00B59AEA /* CalcArrayPoints */,
				947E25EC1DADCA6000B59AEA /* CalcArrayPointsTests.xctest */,
			);
			name = Products;
			sourceTree = "<group>";
		};
		947E25E01DADCA2F00B59AEA /* CalcArrayPoints */ = {
			isa = PBXGroup;
			children = (
				947E25E11DADCA2F00B59AEA /* main.swift */,
				947E25F41DADD10900B59AEA /* math-functions.swift */,
			);
			path = CalcArrayPoints;
			sourceTree = "<group>";
		};
		947E25ED1DADCA6000B59AEA /* CalcArrayPointsTests */ = {
			isa = PBXGroup;
			children = (
				947E25F61DADD66100B59AEA /* CalcArrayPointsUnitTests.swift */,
				947E25F01DADCA6000B59AEA /* Info.plist */,
			);
			path = CalcArrayPointsTests;
			sourceTree = "<group>";
		};
/* End PBXGroup section */

/* Begin PBXNativeTarget section */
		947E25DD1DADCA2F00B59AEA /* CalcArrayPoints */ = {
			isa = PBXNativeTarget;
			buildConfigurationList = 947E25E51DADCA3000B59AEA /* Build configuration list for PBXNativeTarget "CalcArrayPoints" */;
			buildPhases = (
				947E25DA1DADCA2F00B59AEA /* Sources */,
				947E25DB1DADCA2F00B59AEA /* Frameworks */,
				947E25DC1DADCA2F00B59AEA /* CopyFiles */,
			);
			buildRules = (
			);
			dependencies = (
			);
			name = CalcArrayPoints;
			productName = CalcArrayPoints;
			productReference = 947E25DE1DADCA2F00B59AEA /* CalcArrayPoints */;
			productType = "com.apple.product-type.tool";
		};
		947E25EB1DADCA6000B59AEA /* CalcArrayPointsTests */ = {
			isa = PBXNativeTarget;
			buildConfigurationList = 947E25F11DADCA6000B59AEA /* Build configuration list for PBXNativeTarget "CalcArrayPointsTests" */;
			buildPhases = (
				947E25E81DADCA6000B59AEA /* Sources */,
				947E25E91DADCA6000B59AEA /* Frameworks */,
				947E25EA1DADCA6000B59AEA /* Resources */,
			);
			buildRules = (
			);
			dependencies = (
			);
			name = CalcArrayPointsTests;
			productName = CalcArrayPointsTests;
			productReference = 947E25EC1DADCA6000B59AEA /* CalcArrayPointsTests.xctest */;
			productType = "com.apple.product-type.bundle.unit-test";
		};
/* End PBXNativeTarget section */

/* Begin PBXProject section */
		947E25D61DADCA2F00B59AEA /* Project object */ = {
			isa = PBXProject;
			attributes = {
				LastSwiftUpdateCheck = 0800;
				LastUpgradeCheck = 0800;
				ORGANIZATIONNAME = "Keegan Farley";
				TargetAttributes = {
					947E25DD1DADCA2F00B59AEA = {
						CreatedOnToolsVersion = 8.0;
						DevelopmentTeam = 7LKH7AY697;
						ProvisioningStyle = Automatic;
					};
					947E25EB1DADCA6000B59AEA = {
						CreatedOnToolsVersion = 8.0;
						DevelopmentTeam = 7LKH7AY697;
						ProvisioningStyle = Automatic;
					};
				};
			};
			buildConfigurationList = 947E25D91DADCA2F00B59AEA /* Build configuration list for PBXProject "CalcArrayPoints" */;
			compatibilityVersion = "Xcode 3.2";
			developmentRegion = English;
			hasScannedForEncodings = 0;
			knownRegions = (
				en,
			);
			mainGroup = 947E25D51DADCA2F00B59AEA;
			productRefGroup = 947E25DF1DADCA2F00B59AEA /* Products */;
			projectDirPath = "";
			projectRoot = "";
			targets = (
				947E25DD1DADCA2F00B59AEA /* CalcArrayPoints */,
				947E25EB1DADCA6000B59AEA /* CalcArrayPointsTests */,
			);
		};
/* End PBXProject section */

/* Begin PBXResourcesBuildPhase section */
		947E25EA1DADCA6000B59AEA /* Resources */ = {
			isa = PBXResourcesBuildPhase;
			buildActionMask = 2147483647;
			files = (
			);
			runOnlyForDeploymentPostprocessing = 0;
		};
/* End PBXResourcesBuildPhase section */

/* Begin PBXSourcesBuildPhase section */
		947E25DA1DADCA2F00B59AEA /* Sources */ = {
			isa = PBXSourcesBuildPhase;
			buildActionMask = 2147483647;
			files = (
				947E25E21DADCA2F00B59AEA /* main.swift in Sources */,
				947E25F51DADD10900B59AEA /* math-functions.swift in Sources */,
			);
			runOnlyForDeploymentPostprocessing = 0;
		};
		947E25E81DADCA6000B59AEA /* Sources */ = {
			isa = PBXSourcesBuildPhase;
			buildActionMask = 2147483647;
			files = (
				947E25F81DADD70100B59AEA /* main.swift in Sources */,
				947E25F91DADD70400B59AEA /* math-functions.swift in Sources */,
				947E25F71DADD66100B59AEA /* CalcArrayPointsUnitTests.swift in Sources */,
			);
			runOnlyForDeploymentPostprocessing = 0;
		};
/* End PBXSourcesBuildPhase section */

/* Begin XCBuildConfiguration section */
		947E25E31DADCA3000B59AEA /* Debug */ = {
			isa = XCBuildConfiguration;
			buildSettings = {
				ALWAYS_SEARCH_USER_PATHS = NO;
				CLANG_ANALYZER_NONNULL = YES;
				CLANG_CXX_LANGUAGE_STANDARD = "gnu++0x";
				CLANG_CXX_LIBRARY = "libc++";
				CLANG_ENABLE_MODULES = YES;
				CLANG_ENABLE_OBJC_ARC = YES;
				CLANG_WARN_BOOL_CONVERSION = YES;
				CLANG_WARN_CONSTANT_CONVERSION = YES;
				CLANG_WARN_DIRECT_OBJC_ISA_USAGE = YES_ERROR;
				CLANG_WARN_DOCUMENTATION_COMMENTS = YES;
				CLANG_WARN_EMPTY_BODY = YES;
				CLANG_WARN_ENUM_CONVERSION = YES;
				CLANG_WARN_INFINITE_RECURSION = YES;
				CLANG_WARN_INT_CONVERSION = YES;
				CLANG_WARN_OBJC_ROOT_CLASS = YES_ERROR;
				CLANG_WARN_SUSPICIOUS_MOVES = YES;
				CLANG_WARN_UNREACHABLE_CODE = YES;
				CLANG_WARN__DUPLICATE_METHOD_MATCH = YES;
				CODE_SIGN_IDENTITY = "-";
				COPY_PHASE_STRIP = NO;
				DEBUG_INFORMATION_FORMAT = dwarf;
				ENABLE_STRICT_OBJC_MSGSEND = YES;
				ENABLE_TESTABILITY = YES;
				GCC_C_LANGUAGE_STANDARD = gnu99;
				GCC_DYNAMIC_NO_PIC = NO;
				GCC_NO_COMMON_BLOCKS = YES;
				GCC_OPTIMIZATION_LEVEL = 0;
				GCC_PREPROCESSOR_DEFINITIONS = (
					"DEBUG=1",
					"$(inherited)",
				);
				GCC_WARN_64_TO_32_BIT_CONVERSION = YES;
				GCC_WARN_ABOUT_RETURN_TYPE = YES_ERROR;
				GCC_WARN_UNDECLARED_SELECTOR = YES;
				GCC_WARN_UNINITIALIZED_AUTOS = YES_AGGRESSIVE;
				GCC_WARN_UNUSED_FUNCTION = YES;
				GCC_WARN_UNUSED_VARIABLE = YES;
				MACOSX_DEPLOYMENT_TARGET = 10.11;
				MTL_ENABLE_DEBUG_INFO = YES;
				ONLY_ACTIVE_ARCH = YES;
				SDKROOT = macosx;
				SWIFT_OPTIMIZATION_LEVEL = "-Onone";
			};
			name = Debug;
		};
		947E25E41DADCA3000B59AEA /* Release */ = {
			isa = XCBuildConfiguration;
			buildSettings = {
				ALWAYS_SEARCH_USER_PATHS = NO;
				CLANG_ANALYZER_NONNULL = YES;
				CLANG_CXX_LANGUAGE_STANDARD = "gnu++0x";
				CLANG_CXX_LIBRARY = "libc++";
				CLANG_ENABLE_MODULES = YES;
				CLANG_ENABLE_OBJC_ARC = YES;
				CLANG_WARN_BOOL_CONVERSION = YES;
				CLANG_WARN_CONSTANT_CONVERSION = YES;
				CLANG_WARN_DIRECT_OBJC_ISA_USAGE = YES_ERROR;
				CLANG_WARN_DOCUMENTATION_COMMENTS = YES;
				CLANG_WARN_EMPTY_BODY = YES;
				CLANG_WARN_ENUM_CONVERSION = YES;
				CLANG_WARN_INFINITE_RECURSION = YES;
				CLANG_WARN_INT_CONVERSION = YES;
				CLANG_WARN_OBJC_ROOT_CLASS = YES_ERROR;
				CLANG_WARN_SUSPICIOUS_MOVES = YES;
				CLANG_WARN_UNREACHABLE_CODE = YES;
				CLANG_WARN__DUPLICATE_METHOD_MATCH = YES;
				CODE_SIGN_IDENTITY = "-";
				COPY_PHASE_STRIP = NO;
				DEBUG_INFORMATION_FORMAT = "dwarf-with-dsym";
				ENABLE_NS_ASSERTIONS = NO;
				ENABLE_STRICT_OBJC_MSGSEND = YES;
				GCC_C_LANGUAGE_STANDARD = gnu99;
				GCC_NO_COMMON_BLOCKS = YES;
				GCC_WARN_64_TO_32_BIT_CONVERSION = YES;
				GCC_WARN_ABOUT_RETURN_TYPE = YES_ERROR;
				GCC_WARN_UNDECLARED_SELECTOR = YES;
				GCC_WARN_UNINITIALIZED_AUTOS = YES_AGGRESSIVE;
				GCC_WARN_UNUSED_FUNCTION = YES;
				GCC_WARN_UNUSED_VARIABLE = YES;
				MACOSX_DEPLOYMENT_TARGET = 10.11;
				MTL_ENABLE_DEBUG_INFO = NO;
				SDKROOT = macosx;
			};
			name = Release;
		};
		947E25E61DADCA3000B59AEA /* Debug */ = {
			isa = XCBuildConfiguration;
			buildSettings = {
				DEVELOPMENT_TEAM = 7LKH7AY697;
				PRODUCT_NAME = "$(TARGET_NAME)";
				SWIFT_VERSION = 3.0;
			};
			name = Debug;
		};
		947E25E71DADCA3000B59AEA /* Release */ = {
			isa = XCBuildConfiguration;
			buildSettings = {
				DEVELOPMENT_TEAM = 7LKH7AY697;
				PRODUCT_NAME = "$(TARGET_NAME)";
				SWIFT_VERSION = 3.0;
			};
			name = Release;
		};
		947E25F21DADCA6000B59AEA /* Debug */ = {
			isa = XCBuildConfiguration;
			buildSettings = {
				COMBINE_HIDPI_IMAGES = YES;
				DEVELOPMENT_TEAM = 7LKH7AY697;
				INFOPLIST_FILE = CalcArrayPointsTests/Info.plist;
				LD_RUNPATH_SEARCH_PATHS = "$(inherited) @executable_path/../Frameworks @loader_path/../Frameworks";
				PRODUCT_BUNDLE_IDENTIFIER = ksf7.uw.edu.CalcArrayPointsTests;
				PRODUCT_NAME = "$(TARGET_NAME)";
				SWIFT_ACTIVE_COMPILATION_CONDITIONS = DEBUG;
				SWIFT_VERSION = 3.0;
			};
			name = Debug;
		};
		947E25F31DADCA6000B59AEA /* Release */ = {
			isa = XCBuildConfiguration;
			buildSettings = {
				COMBINE_HIDPI_IMAGES = YES;
				DEVELOPMENT_TEAM = 7LKH7AY697;
				INFOPLIST_FILE = CalcArrayPointsTests/Info.plist;
				LD_RUNPATH_SEARCH_PATHS = "$(inherited) @executable_path/../Frameworks @loader_path/../Frameworks";
				PRODUCT_BUNDLE_IDENTIFIER = ksf7.uw.edu.CalcArrayPointsTests;
				PRODUCT_NAME = "$(TARGET_NAME)";
				SWIFT_OPTIMIZATION_LEVEL = "-Owholemodule";
				SWIFT_VERSION = 3.0;
			};
			name = Release;
		};
/* End XCBuildConfiguration section */

/* Begin XCConfigurationList section */
		947E25D91DADCA2F00B59AEA /* Build configuration list for PBXProject "CalcArrayPoints" */ = {
			isa = XCConfigurationList;
			buildConfigurations = (
				947E25E31DADCA3000B59AEA /* Debug */,
				947E25E41DADCA3000B59AEA /* Release */,
			);
			defaultConfigurationIsVisible = 0;
			defaultConfigurationName = Release;
		};
		947E25E51DADCA3000B59AEA /* Build configuration list for PBXNativeTarget "CalcArrayPoints" */ = {
			isa = XCConfigurationList;
			buildConfigurations = (
				947E25E61DADCA3000B59AEA /* Debug */,
				947E25E71DADCA3000B59AEA /* Release */,
			);
			defaultConfigurationIsVisible = 0;
		};
		947E25F11DADCA6000B59AEA /* Build configuration list for PBXNativeTarget "CalcArrayPointsTests" */ = {
			isa = XCConfigurationList;
			buildConfigurations = (
				947E25F21DADCA6000B59AEA /* Debug */,
				947E25F31DADCA6000B59AEA /* Release */,
			);
			defaultConfigurationIsVisible = 0;
		};
/* End XCConfigurationList section */
	};
	rootObject = 947E25D61DADCA2F00B59AEA /* Project object */;
}
